// !$*UTF8*$!
{
	archiveVersion = 1;
	classes = {
	};
	objectVersion = 51;
	objects = {

/* Begin PBXBuildFile section */
		9E83FF8BFA77CE36A40C6FD7 /* Pods_InstaPost.framework in Frameworks */ = {isa = PBXBuildFile; fileRef = 8334CD5C7AA439AAA3581E9F /* Pods_InstaPost.framework */; };
		FD6231372385A58400A2E564 /* GoogleService-Info.plist in Resources */ = {isa = PBXBuildFile; fileRef = FD6231362385A58400A2E564 /* GoogleService-Info.plist */; };
		FD6CAD2123981B55007348F3 /* LoginViewController.swift in Sources */ = {isa = PBXBuildFile; fileRef = FD6CAD2023981B55007348F3 /* LoginViewController.swift */; };
		FD7776B02385A477008F4628 /* AppDelegate.swift in Sources */ = {isa = PBXBuildFile; fileRef = FD7776AF2385A477008F4628 /* AppDelegate.swift */; };
		FD7776B22385A477008F4628 /* SceneDelegate.swift in Sources */ = {isa = PBXBuildFile; fileRef = FD7776B12385A477008F4628 /* SceneDelegate.swift */; };
		FD7776B42385A477008F4628 /* ViewController.swift in Sources */ = {isa = PBXBuildFile; fileRef = FD7776B32385A477008F4628 /* ViewController.swift */; };
		FD7776B72385A477008F4628 /* Main.storyboard in Resources */ = {isa = PBXBuildFile; fileRef = FD7776B52385A477008F4628 /* Main.storyboard */; };
		FD7776BA2385A477008F4628 /* InstaPost.xcdatamodeld in Sources */ = {isa = PBXBuildFile; fileRef = FD7776B82385A477008F4628 /* InstaPost.xcdatamodeld */; };
		FD7776BC2385A479008F4628 /* Assets.xcassets in Resources */ = {isa = PBXBuildFile; fileRef = FD7776BB2385A479008F4628 /* Assets.xcassets */; };
		FD7776BF2385A479008F4628 /* LaunchScreen.storyboard in Resources */ = {isa = PBXBuildFile; fileRef = FD7776BD2385A479008F4628 /* LaunchScreen.storyboard */; };
/* End PBXBuildFile section */

/* Begin PBXFileReference section */
		66D8D512CAA3DE18C67FEA71 /* Pods-InstaPost.debug.xcconfig */ = {isa = PBXFileReference; includeInIndex = 1; lastKnownFileType = text.xcconfig; name = "Pods-InstaPost.debug.xcconfig"; path = "Target Support Files/Pods-InstaPost/Pods-InstaPost.debug.xcconfig"; sourceTree = "<group>"; };
		8334CD5C7AA439AAA3581E9F /* Pods_InstaPost.framework */ = {isa = PBXFileReference; explicitFileType = wrapper.framework; includeInIndex = 0; path = Pods_InstaPost.framework; sourceTree = BUILT_PRODUCTS_DIR; };
		94B059B4DFBF75DB1C1FA1BC /* Pods-InstaPost.release.xcconfig */ = {isa = PBXFileReference; includeInIndex = 1; lastKnownFileType = text.xcconfig; name = "Pods-InstaPost.release.xcconfig"; path = "Target Support Files/Pods-InstaPost/Pods-InstaPost.release.xcconfig"; sourceTree = "<group>"; };
		FD6231362385A58400A2E564 /* GoogleService-Info.plist */ = {isa = PBXFileReference; fileEncoding = 4; lastKnownFileType = text.plist.xml; path = "GoogleService-Info.plist"; sourceTree = "<group>"; };
		FD6CAD2023981B55007348F3 /* LoginViewController.swift */ = {isa = PBXFileReference; lastKnownFileType = sourcecode.swift; path = LoginViewController.swift; sourceTree = "<group>"; };
		FD7776AC2385A477008F4628 /* InstaPost.app */ = {isa = PBXFileReference; explicitFileType = wrapper.application; includeInIndex = 0; path = InstaPost.app; sourceTree = BUILT_PRODUCTS_DIR; };
		FD7776AF2385A477008F4628 /* AppDelegate.swift */ = {isa = PBXFileReference; lastKnownFileType = sourcecode.swift; path = AppDelegate.swift; sourceTree = "<group>"; };
		FD7776B12385A477008F4628 /* SceneDelegate.swift */ = {isa = PBXFileReference; lastKnownFileType = sourcecode.swift; path = SceneDelegate.swift; sourceTree = "<group>"; };
		FD7776B32385A477008F4628 /* ViewController.swift */ = {isa = PBXFileReference; lastKnownFileType = sourcecode.swift; path = ViewController.swift; sourceTree = "<group>"; };
		FD7776B62385A477008F4628 /* Base */ = {isa = PBXFileReference; lastKnownFileType = file.storyboard; name = Base; path = Base.lproj/Main.storyboard; sourceTree = "<group>"; };
		FD7776B92385A477008F4628 /* InstaPost.xcdatamodel */ = {isa = PBXFileReference; lastKnownFileType = wrapper.xcdatamodel; path = InstaPost.xcdatamodel; sourceTree = "<group>"; };
		FD7776BB2385A479008F4628 /* Assets.xcassets */ = {isa = PBXFileReference; lastKnownFileType = folder.assetcatalog; path = Assets.xcassets; sourceTree = "<group>"; };
		FD7776BE2385A479008F4628 /* Base */ = {isa = PBXFileReference; lastKnownFileType = file.storyboard; name = Base; path = Base.lproj/LaunchScreen.storyboard; sourceTree = "<group>"; };
		FD7776C02385A479008F4628 /* Info.plist */ = {isa = PBXFileReference; lastKnownFileType = text.plist.xml; path = Info.plist; sourceTree = "<group>"; };
/* End PBXFileReference section */

/* Begin PBXFrameworksBuildPhase section */
		FD7776A92385A477008F4628 /* Frameworks */ = {
			isa = PBXFrameworksBuildPhase;
			buildActionMask = 2147483647;
			files = (
				9E83FF8BFA77CE36A40C6FD7 /* Pods_InstaPost.framework in Frameworks */,
			);
			runOnlyForDeploymentPostprocessing = 0;
		};
/* End PBXFrameworksBuildPhase section */

/* Begin PBXGroup section */
		518D4932E1EEC87E6DEBD0B5 /* Pods */ = {
			isa = PBXGroup;
			children = (
				66D8D512CAA3DE18C67FEA71 /* Pods-InstaPost.debug.xcconfig */,
				94B059B4DFBF75DB1C1FA1BC /* Pods-InstaPost.release.xcconfig */,
			);
			path = Pods;
			sourceTree = "<group>";
		};
		F9015024DC553C6464B936BB /* Frameworks */ = {
			isa = PBXGroup;
			children = (
				8334CD5C7AA439AAA3581E9F /* Pods_InstaPost.framework */,
			);
			name = Frameworks;
			sourceTree = "<group>";
		};
		FD7776A32385A477008F4628 = {
			isa = PBXGroup;
			children = (
				FD7776AE2385A477008F4628 /* InstaPost */,
				FD7776AD2385A477008F4628 /* Products */,
				518D4932E1EEC87E6DEBD0B5 /* Pods */,
				F9015024DC553C6464B936BB /* Frameworks */,
			);
			sourceTree = "<group>";
		};
		FD7776AD2385A477008F4628 /* Products */ = {
			isa = PBXGroup;
			children = (
				FD7776AC2385A477008F4628 /* InstaPost.app */,
			);
			name = Products;
			sourceTree = "<group>";
		};
		FD7776AE2385A477008F4628 /* InstaPost */ = {
			isa = PBXGroup;
			children = (
				FD7776AF2385A477008F4628 /* AppDelegate.swift */,
				FD7776B12385A477008F4628 /* SceneDelegate.swift */,
				FD7776B32385A477008F4628 /* ViewController.swift */,
				FD7776B52385A477008F4628 /* Main.storyboard */,
				FD7776BB2385A479008F4628 /* Assets.xcassets */,
				FD7776BD2385A479008F4628 /* LaunchScreen.storyboard */,
				FD7776C02385A479008F4628 /* Info.plist */,
				FD7776B82385A477008F4628 /* InstaPost.xcdatamodeld */,
				FD6231362385A58400A2E564 /* GoogleService-Info.plist */,
				FD6CAD2023981B55007348F3 /* LoginViewController.swift */,
			);
			path = InstaPost;
			sourceTree = "<group>";
		};
/* End PBXGroup section */

/* Begin PBXNativeTarget section */
		FD7776AB2385A477008F4628 /* InstaPost */ = {
			isa = PBXNativeTarget;
			buildConfigurationList = FD7776C32385A479008F4628 /* Build configuration list for PBXNativeTarget "InstaPost" */;
			buildPhases = (
				26C4D34E8363A250778048DD /* [CP] Check Pods Manifest.lock */,
				FD7776A82385A477008F4628 /* Sources */,
				FD7776A92385A477008F4628 /* Frameworks */,
				FD7776AA2385A477008F4628 /* Resources */,
				50A074346303A92CBD1F5370 /* [CP] Embed Pods Frameworks */,
			);
			buildRules = (
			);
			dependencies = (
			);
			name = InstaPost;
			productName = InstaPost;
			productReference = FD7776AC2385A477008F4628 /* InstaPost.app */;
			productType = "com.apple.product-type.application";
		};
/* End PBXNativeTarget section */

/* Begin PBXProject section */
		FD7776A42385A477008F4628 /* Project object */ = {
			isa = PBXProject;
			attributes = {
				LastSwiftUpdateCheck = 1120;
				LastUpgradeCheck = 1120;
				ORGANIZATIONNAME = "Antony Sebastian Cueva Fajardo";
				TargetAttributes = {
					FD7776AB2385A477008F4628 = {
						CreatedOnToolsVersion = 11.2;
					};
				};
			};
			buildConfigurationList = FD7776A72385A477008F4628 /* Build configuration list for PBXProject "InstaPost" */;
			compatibilityVersion = "Xcode 9.3";
			developmentRegion = en;
			hasScannedForEncodings = 0;
			knownRegions = (
				en,
				Base,
			);
			mainGroup = FD7776A32385A477008F4628;
			productRefGroup = FD7776AD2385A477008F4628 /* Products */;
			projectDirPath = "";
			projectRoot = "";
			targets = (
				FD7776AB2385A477008F4628 /* InstaPost */,
			);
		};
/* End PBXProject section */

/* Begin PBXResourcesBuildPhase section */
		FD7776AA2385A477008F4628 /* Resources */ = {
			isa = PBXResourcesBuildPhase;
			buildActionMask = 2147483647;
			files = (
				FD7776BF2385A479008F4628 /* LaunchScreen.storyboard in Resources */,
				FD6231372385A58400A2E564 /* GoogleService-Info.plist in Resources */,
				FD7776BC2385A479008F4628 /* Assets.xcassets in Resources */,
				FD7776B72385A477008F4628 /* Main.storyboard in Resources */,
			);
			runOnlyForDeploymentPostprocessing = 0;
		};
/* End PBXResourcesBuildPhase section */

/* Begin PBXShellScriptBuildPhase section */
		26C4D34E8363A250778048DD /* [CP] Check Pods Manifest.lock */ = {
			isa = PBXShellScriptBuildPhase;
			buildActionMask = 2147483647;
			files = (
			);
			inputFileListPaths = (
			);
			inputPaths = (
				"${PODS_PODFILE_DIR_PATH}/Podfile.lock",
				"${PODS_ROOT}/Manifest.lock",
			);
			name = "[CP] Check Pods Manifest.lock";
			outputFileListPaths = (
			);
			outputPaths = (
				"$(DERIVED_FILE_DIR)/Pods-InstaPost-checkManifestLockResult.txt",
			);
			runOnlyForDeploymentPostprocessing = 0;
			shellPath = /bin/sh;
			shellScript = "diff \"${PODS_PODFILE_DIR_PATH}/Podfile.lock\" \"${PODS_ROOT}/Manifest.lock\" > /dev/null\nif [ $? != 0 ] ; then\n    # print error to STDERR\n    echo \"error: The sandbox is not in sync with the Podfile.lock. Run 'pod install' or update your CocoaPods installation.\" >&2\n    exit 1\nfi\n# This output is used by Xcode 'outputs' to avoid re-running this script phase.\necho \"SUCCESS\" > \"${SCRIPT_OUTPUT_FILE_0}\"\n";
			showEnvVarsInLog = 0;
		};
		50A074346303A92CBD1F5370 /* [CP] Embed Pods Frameworks */ = {
			isa = PBXShellScriptBuildPhase;
			buildActionMask = 2147483647;
			files = (
			);
			inputFileListPaths = (
				"${PODS_ROOT}/Target Support Files/Pods-InstaPost/Pods-InstaPost-frameworks-${CONFIGURATION}-input-files.xcfilelist",
			);
			name = "[CP] Embed Pods Frameworks";
			outputFileListPaths = (
				"${PODS_ROOT}/Target Support Files/Pods-InstaPost/Pods-InstaPost-frameworks-${CONFIGURATION}-output-files.xcfilelist",
			);
			runOnlyForDeploymentPostprocessing = 0;
			shellPath = /bin/sh;
			shellScript = "\"${PODS_ROOT}/Target Support Files/Pods-InstaPost/Pods-InstaPost-frameworks.sh\"\n";
			showEnvVarsInLog = 0;
		};
/* End PBXShellScriptBuildPhase section */

/* Begin PBXSourcesBuildPhase section */
		FD7776A82385A477008F4628 /* Sources */ = {
			isa = PBXSourcesBuildPhase;
			buildActionMask = 2147483647;
			files = (
				FD7776B42385A477008F4628 /* ViewController.swift in Sources */,
				FD7776B02385A477008F4628 /* AppDelegate.swift in Sources */,
				FD7776B22385A477008F4628 /* SceneDelegate.swift in Sources */,
				FD6CAD2123981B55007348F3 /* LoginViewController.swift in Sources */,
				FD7776BA2385A477008F4628 /* InstaPost.xcdatamodeld in Sources */,
			);
			runOnlyForDeploymentPostprocessing = 0;
		};
/* End PBXSourcesBuildPhase section */

/* Begin PBXVariantGroup section */
		FD7776B52385A477008F4628 /* Main.storyboard */ = {
			isa = PBXVariantGroup;
			children = (
				FD7776B62385A477008F4628 /* Base */,
			);
			name = Main.storyboard;
			sourceTree = "<group>";
		};
		FD7776BD2385A479008F4628 /* LaunchScreen.storyboard */ = {
			isa = PBXVariantGroup;
			children = (
				FD7776BE2385A479008F4628 /* Base */,
			);
			name = LaunchScreen.storyboard;
			sourceTree = "<group>";
		};
/* End PBXVariantGroup section */

/* Begin XCBuildConfiguration section */
		FD7776C12385A479008F4628 /* Debug */ = {
			isa = XCBuildConfiguration;
			buildSettings = {
				ALWAYS_SEARCH_USER_PATHS = NO;
				CLANG_ANALYZER_NONNULL = YES;
				CLANG_ANALYZER_NUMBER_OBJECT_CONVERSION = YES_AGGRESSIVE;
				CLANG_CXX_LANGUAGE_STANDARD = "gnu++14";
				CLANG_CXX_LIBRARY = "libc++";
				CLANG_ENABLE_MODULES = YES;
				CLANG_ENABLE_OBJC_ARC = YES;
				CLANG_ENABLE_OBJC_WEAK = YES;
				CLANG_WARN_BLOCK_CAPTURE_AUTORELEASING = YES;
				CLANG_WARN_BOOL_CONVERSION = YES;
				CLANG_WARN_COMMA = YES;
				CLANG_WARN_CONSTANT_CONVERSION = YES;
				CLANG_WARN_DEPRECATED_OBJC_IMPLEMENTATIONS = YES;
				CLANG_WARN_DIRECT_OBJC_ISA_USAGE = YES_ERROR;
				CLANG_WARN_DOCUMENTATION_COMMENTS = YES;
				CLANG_WARN_EMPTY_BODY = YES;
				CLANG_WARN_ENUM_CONVERSION = YES;
				CLANG_WARN_INFINITE_RECURSION = YES;
				CLANG_WARN_INT_CONVERSION = YES;
				CLANG_WARN_NON_LITERAL_NULL_CONVERSION = YES;
				CLANG_WARN_OBJC_IMPLICIT_RETAIN_SELF = YES;
				CLANG_WARN_OBJC_LITERAL_CONVERSION = YES;
				CLANG_WARN_OBJC_ROOT_CLASS = YES_ERROR;
				CLANG_WARN_RANGE_LOOP_ANALYSIS = YES;
				CLANG_WARN_STRICT_PROTOTYPES = YES;
				CLANG_WARN_SUSPICIOUS_MOVE = YES;
				CLANG_WARN_UNGUARDED_AVAILABILITY = YES_AGGRESSIVE;
				CLANG_WARN_UNREACHABLE_CODE = YES;
				CLANG_WARN__DUPLICATE_METHOD_MATCH = YES;
				COPY_PHASE_STRIP = NO;
				DEBUG_INFORMATION_FORMAT = dwarf;
				ENABLE_STRICT_OBJC_MSGSEND = YES;
				ENABLE_TESTABILITY = YES;
				GCC_C_LANGUAGE_STANDARD = gnu11;
				GCC_DYNAMIC_NO_PIC = NO;
				GCC_NO_COMMON_BLOCKS = YES;
				GCC_OPTIMIZATION_LEVEL = 0;
				GCC_PREPROCESSOR_DEFINITIONS = (
					"DEBUG=1",
					"$(inherited)",
				);
				GCC_WARN_64_TO_32_BIT_CONVERSION = YES;
				GCC_WARN_ABOUT_RETURN_TYPE = YES_ERROR;
				GCC_WARN_UNDECLARED_SELECTOR = YES;
				GCC_WARN_UNINITIALIZED_AUTOS = YES_AGGRESSIVE;
				GCC_WARN_UNUSED_FUNCTION = YES;
				GCC_WARN_UNUSED_VARIABLE = YES;
				IPHONEOS_DEPLOYMENT_TARGET = 13.2;
				MTL_ENABLE_DEBUG_INFO = INCLUDE_SOURCE;
				MTL_FAST_MATH = YES;
				ONLY_ACTIVE_ARCH = YES;
				SDKROOT = iphoneos;
				SWIFT_ACTIVE_COMPILATION_CONDITIONS = DEBUG;
				SWIFT_OPTIMIZATION_LEVEL = "-Onone";
			};
			name = Debug;
		};
		FD7776C22385A479008F4628 /* Release */ = {
			isa = XCBuildConfiguration;
			buildSettings = {
				ALWAYS_SEARCH_USER_PATHS = NO;
				CLANG_ANALYZER_NONNULL = YES;
				CLANG_ANALYZER_NUMBER_OBJECT_CONVERSION = YES_AGGRESSIVE;
				CLANG_CXX_LANGUAGE_STANDARD = "gnu++14";
				CLANG_CXX_LIBRARY = "libc++";
				CLANG_ENABLE_MODULES = YES;
				CLANG_ENABLE_OBJC_ARC = YES;
				CLANG_ENABLE_OBJC_WEAK = YES;
				CLANG_WARN_BLOCK_CAPTURE_AUTORELEASING = YES;
				CLANG_WARN_BOOL_CONVERSION = YES;
				CLANG_WARN_COMMA = YES;
				CLANG_WARN_CONSTANT_CONVERSION = YES;
				CLANG_WARN_DEPRECATED_OBJC_IMPLEMENTATIONS = YES;
				CLANG_WARN_DIRECT_OBJC_ISA_USAGE = YES_ERROR;
				CLANG_WARN_DOCUMENTATION_COMMENTS = YES;
				CLANG_WARN_EMPTY_BODY = YES;
				CLANG_WARN_ENUM_CONVERSION = YES;
				CLANG_WARN_INFINITE_RECURSION = YES;
				CLANG_WARN_INT_CONVERSION = YES;
				CLANG_WARN_NON_LITERAL_NULL_CONVERSION = YES;
				CLANG_WARN_OBJC_IMPLICIT_RETAIN_SELF = YES;
				CLANG_WARN_OBJC_LITERAL_CONVERSION = YES;
				CLANG_WARN_OBJC_ROOT_CLASS = YES_ERROR;
				CLANG_WARN_RANGE_LOOP_ANALYSIS = YES;
				CLANG_WARN_STRICT_PROTOTYPES = YES;
				CLANG_WARN_SUSPICIOUS_MOVE = YES;
				CLANG_WARN_UNGUARDED_AVAILABILITY = YES_AGGRESSIVE;
				CLANG_WARN_UNREACHABLE_CODE = YES;
				CLANG_WARN__DUPLICATE_METHOD_MATCH = YES;
				COPY_PHASE_STRIP = NO;
				DEBUG_INFORMATION_FORMAT = "dwarf-with-dsym";
				ENABLE_NS_ASSERTIONS = NO;
				ENABLE_STRICT_OBJC_MSGSEND = YES;
				GCC_C_LANGUAGE_STANDARD = gnu11;
				GCC_NO_COMMON_BLOCKS = YES;
				GCC_WARN_64_TO_32_BIT_CONVERSION = YES;
				GCC_WARN_ABOUT_RETURN_TYPE = YES_ERROR;
				GCC_WARN_UNDECLARED_SELECTOR = YES;
				GCC_WARN_UNINITIALIZED_AUTOS = YES_AGGRESSIVE;
				GCC_WARN_UNUSED_FUNCTION = YES;
				GCC_WARN_UNUSED_VARIABLE = YES;
				IPHONEOS_DEPLOYMENT_TARGET = 13.2;
				MTL_ENABLE_DEBUG_INFO = NO;
				MTL_FAST_MATH = YES;
				SDKROOT = iphoneos;
				SWIFT_COMPILATION_MODE = wholemodule;
				SWIFT_OPTIMIZATION_LEVEL = "-O";
				VALIDATE_PRODUCT = YES;
			};
			name = Release;
		};
		FD7776C42385A479008F4628 /* Debug */ = {
			isa = XCBuildConfiguration;
			baseConfigurationReference = 66D8D512CAA3DE18C67FEA71 /* Pods-InstaPost.debug.xcconfig */;
			buildSettings = {
				ASSETCATALOG_COMPILER_APPICON_NAME = AppIcon;
				CODE_SIGN_STYLE = Automatic;
				DEVELOPMENT_TEAM = 4C6Y24U296;
				INFOPLIST_FILE = InstaPost/Info.plist;
				LD_RUNPATH_SEARCH_PATHS = (
					"$(inherited)",
					"@executable_path/Frameworks",
				);
				PRODUCT_BUNDLE_IDENTIFIER = com.souloneapps.InstaPost;
				PRODUCT_NAME = "$(TARGET_NAME)";
				SWIFT_VERSION = 5.0;
				TARGETED_DEVICE_FAMILY = "1,2";
			};
			name = Debug;
		};
		FD7776C52385A479008F4628 /* Release */ = {
			isa = XCBuildConfiguration;
			baseConfigurationReference = 94B059B4DFBF75DB1C1FA1BC /* Pods-InstaPost.release.xcconfig */;
			buildSettings = {
				ASSETCATALOG_COMPILER_APPICON_NAME = AppIcon;
				CODE_SIGN_STYLE = Automatic;
				DEVELOPMENT_TEAM = 4C6Y24U296;
				INFOPLIST_FILE = InstaPost/Info.plist;
				LD_RUNPATH_SEARCH_PATHS = (
					"$(inherited)",
					"@executable_path/Frameworks",
				);
				PRODUCT_BUNDLE_IDENTIFIER = com.souloneapps.InstaPost;
				PRODUCT_NAME = "$(TARGET_NAME)";
				SWIFT_VERSION = 5.0;
				TARGETED_DEVICE_FAMILY = "1,2";
			};
			name = Release;
		};
/* End XCBuildConfiguration section */

/* Begin XCConfigurationList section */
		FD7776A72385A477008F4628 /* Build configuration list for PBXProject "InstaPost" */ = {
			isa = XCConfigurationList;
			buildConfigurations = (
				FD7776C12385A479008F4628 /* Debug */,
				FD7776C22385A479008F4628 /* Release */,
			);
			defaultConfigurationIsVisible = 0;
			defaultConfigurationName = Release;
		};
		FD7776C32385A479008F4628 /* Build configuration list for PBXNativeTarget "InstaPost" */ = {
			isa = XCConfigurationList;
			buildConfigurations = (
				FD7776C42385A479008F4628 /* Debug */,
				FD7776C52385A479008F4628 /* Release */,
			);
			defaultConfigurationIsVisible = 0;
			defaultConfigurationName = Release;
		};
/* End XCConfigurationList section */

/* Begin XCVersionGroup section */
		FD7776B82385A477008F4628 /* InstaPost.xcdatamodeld */ = {
			isa = XCVersionGroup;
			children = (
				FD7776B92385A477008F4628 /* InstaPost.xcdatamodel */,
			);
			currentVersion = FD7776B92385A477008F4628 /* InstaPost.xcdatamodel */;
			path = InstaPost.xcdatamodeld;
			sourceTree = "<group>";
			versionGroupType = wrapper.xcdatamodel;
		};
/* End XCVersionGroup section */
	};
	rootObject = FD7776A42385A477008F4628 /* Project object */;
}
